
Microsoft Visual Studio Solution File, Format Version 12.00
# SQL Server Management Studio Version 22
VisualStudioVersion = 18.6.11806.211 stable
MinimumVisualStudioVersion = 10.0.40219.1
Project("{FAE04EC0-301F-11D3-BF4B-00C04F79EFBC}") = "Project-U", "Project-U\Project-U.csproj", "{1A4702E2-FB10-4E9D-9675-948654F9F54B}"
EndProject
Project("{FAE04EC0-301F-11D3-BF4B-00C04F79EFBC}") = "ProjectU.Core", "ProjectU.Core\ProjectU.Core.csproj", "{494E0938-0465-4279-8BDB-9D6DAB4BF53C}"
EndProject
Project("{FAE04EC0-301F-11D3-BF4B-00C04F79EFBC}") = "ProjectU.Data", "ProjectU.Data\ProjectU.Data.csproj", "{35ADD2B0-594C-474B-8BF6-12B81923CBBF}"
EndProject
Global
	GlobalSection(SolutionConfigurationPlatforms) = preSolution
		Debug|Any CPU = Debug|Any CPU
		Release|Any CPU = Release|Any CPU
	EndGlobalSection
	GlobalSection(ProjectConfigurationPlatforms) = postSolution
		{1A4702E2-FB10-4E9D-9675-948654F9F54B}.Debug|Any CPU.ActiveCfg = Debug|Any CPU
		{1A4702E2-FB10-4E9D-9675-948654F9F54B}.Debug|Any CPU.Build.0 = Debug|Any CPU
		{1A4702E2-FB10-4E9D-9675-948654F9F54B}.Release|Any CPU.ActiveCfg = Release|Any CPU
		{1A4702E2-FB10-4E9D-9675-948654F9F54B}.Release|Any CPU.Build.0 = Release|Any CPU
		{494E0938-0465-4279-8BDB-9D6DAB4BF53C}.Debug|Any CPU.ActiveCfg = Debug|Any CPU
		{494E0938-0465-4279-8BDB-9D6DAB4BF53C}.Debug|Any CPU.Build.0 = Debug|Any CPU
		{494E0938-0465-4279-8BDB-9D6DAB4BF53C}.Release|Any CPU.ActiveCfg = Release|Any CPU
		{494E0938-0465-4279-8BDB-9D6DAB4BF53C}.Release|Any CPU.Build.0 = Release|Any CPU
		{35ADD2B0-594C-474B-8BF6-12B81923CBBF}.Debug|Any CPU.ActiveCfg = Debug|Any CPU
		{35ADD2B0-594C-474B-8BF6-12B81923CBBF}.Debug|Any CPU.Build.0 = Debug|Any CPU
		{35ADD2B0-594C-474B-8BF6-12B81923CBBF}.Release|Any CPU.ActiveCfg = Release|Any CPU
		{35ADD2B0-594C-474B-8BF6-12B81923CBBF}.Release|Any CPU.Build.0 = Release|Any CPU
	EndGlobalSection
	GlobalSection(SolutionProperties) = preSolution
		HideSolutionNode = FALSE
	EndGlobalSection
	GlobalSection(ExtensibilityGlobals) = postSolution
		SolutionGuid = {6D708A5B-6430-4C51-A0FB-7677FAAE7187}
	EndGlobalSection
EndGlobal
